{
  "name": "xsd-to-ts",
  "version": "1.0.0",
  "lockfileVersion": 1,
  "requires": true,
  "dependencies": {
    "@tootallnate/once": {
      "version": "2.0.0",
      "resolved": "https://devopsartifactory.corp.lpl.com/artifactory/api/npm/npm/@tootallnate/once/-/once-2.0.0.tgz",
      "integrity": "sha1-9UShSNOrNYAcH2M6dEH9h8LkhL8=",
      "dev": true
    },
    "@types/node": {
      "version": "16.11.6",
      "resolved": "https://devopsartifactory.corp.lpl.com/artifactory/api/npm/npm/@types/node/-/node-16.11.6.tgz",
      "integrity": "sha1-a+96KgrWhM9ukPz+Mc7KvZzgo64=",
      "dev": true
    },
    "abab": {
      "version": "2.0.5",
      "resolved": "https://devopsartifactory.corp.lpl.com/artifactory/api/npm/npm/abab/-/abab-2.0.5.tgz",
      "integrity": "sha1-wLZ4+zLWD8EhnHhNaoJv44Wut5o=",
      "dev": true
    },
    "acorn": {
      "version": "8.5.0",
      "resolved": "https://devopsartifactory.corp.lpl.com/artifactory/api/npm/npm/acorn/-/acorn-8.5.0.tgz",
      "integrity": "sha1-RRLMuZs2mMdSWR6btEcuOK1DzuI=",
      "dev": true
    },
    "acorn-globals": {
      "version": "6.0.0",
      "resolved": "https://devopsartifactory.corp.lpl.com/artifactory/api/npm/npm/acorn-globals/-/acorn-globals-6.0.0.tgz",
      "integrity": "sha1-Rs3Tnw+P8IqHZhm1X1rIptx3C0U=",
      "dev": true,
      "requires": {
        "acorn": "^7.1.1",
        "acorn-walk": "^7.1.1"
      },
      "dependencies": {
        "acorn": {
          "version": "7.4.1",
          "resolved": "https://devopsartifactory.corp.lpl.com/artifactory/api/npm/npm/acorn/-/acorn-7.4.1.tgz",
          "integrity": "sha1-/q7SVZc9LndVW4PbwIhRpsY1IPo=",
          "dev": true
        }
      }
    },
    "acorn-walk": {
      "version": "7.2.0",
      "resolved": "https://devopsartifactory.corp.lpl.com/artifactory/api/npm/npm/acorn-walk/-/acorn-walk-7.2.0.tgz",
      "integrity": "sha1-DeiJpgEgOQmw++B7iTjcIdLpZ7w=",
      "dev": true
    },
    "agent-base": {
      "version": "6.0.2",
      "resolved": "https://devopsartifactory.corp.lpl.com/artifactory/api/npm/npm/agent-base/-/agent-base-6.0.2.tgz",
      "integrity": "sha1-Sf/1hXfP7j83F2/qtMIuAPhtf3c=",
      "dev": true,
      "requires": {
        "debug": "4"
      }
    },
    "asynckit": {
      "version": "0.4.0",
      "resolved": "https://devopsartifactory.corp.lpl.com/artifactory/api/npm/npm/asynckit/-/asynckit-0.4.0.tgz",
      "integrity": "sha1-x57Zf380y48robyXkLzDZkdLS3k=",
      "dev": true
    },
    "browser-process-hrtime": {
      "version": "1.0.0",
      "resolved": "https://devopsartifactory.corp.lpl.com/artifactory/api/npm/npm/browser-process-hrtime/-/browser-process-hrtime-1.0.0.tgz",
      "integrity": "sha1-PJtLfXgsgSHlbxAQbYTA0P/JRiY=",
      "dev": true
    },
    "combined-stream": {
      "version": "1.0.8",
      "resolved": "https://devopsartifactory.corp.lpl.com/artifactory/api/npm/npm/combined-stream/-/combined-stream-1.0.8.tgz",
      "integrity": "sha1-w9RaizT9cwYxoRCoolIGgrMdWn8=",
      "dev": true,
      "requires": {
        "delayed-stream": "~1.0.0"
      }
    },
    "cssom": {
      "version": "0.5.0",
      "resolved": "https://devopsartifactory.corp.lpl.com/artifactory/api/npm/npm/cssom/-/cssom-0.5.0.tgz",
      "integrity": "sha1-0lT6ks2Lb72DgRufuu00ZjzBfDY=",
      "dev": true
    },
    "cssstyle": {
      "version": "2.3.0",
      "resolved": "https://devopsartifactory.corp.lpl.com/artifactory/api/npm/npm/cssstyle/-/cssstyle-2.3.0.tgz",
      "integrity": "sha1-/2ZaDdvcMYZLCWR/NBY0Q9kLCFI=",
      "dev": true,
      "requires": {
        "cssom": "~0.3.6"
      },
      "dependencies": {
        "cssom": {
          "version": "0.3.8",
          "resolved": "https://devopsartifactory.corp.lpl.com/artifactory/api/npm/npm/cssom/-/cssom-0.3.8.tgz",
          "integrity": "sha1-nxJ29bK0Y/IRTT8sdSUK+MGjb0o=",
          "dev": true
        }
      }
    },
    "data-urls": {
      "version": "3.0.1",
      "resolved": "https://devopsartifactory.corp.lpl.com/artifactory/api/npm/npm/data-urls/-/data-urls-3.0.1.tgz",
      "integrity": "sha1-WX/CrjD4vE289zH80bGVQ1Ovxvg=",
      "dev": true,
      "requires": {
        "abab": "^2.0.3",
        "whatwg-mimetype": "^3.0.0",
        "whatwg-url": "^10.0.0"
      }
    },
    "debug": {
      "version": "4.3.2",
      "resolved": "https://devopsartifactory.corp.lpl.com/artifactory/api/npm/npm/debug/-/debug-4.3.2.tgz",
      "integrity": "sha1-8KScGKyHeeMdSgxgKd+3aHPHQos=",
      "dev": true,
      "requires": {
        "ms": "2.1.2"
      }
    },
    "decimal.js": {
      "version": "10.3.1",
      "resolved": "https://devopsartifactory.corp.lpl.com/artifactory/api/npm/npm/decimal.js/-/decimal.js-10.3.1.tgz",
      "integrity": "sha1-2MOkRKnGd0umDKatcmHDqU/V54M=",
      "dev": true
    },
    "deep-is": {
      "version": "0.1.4",
      "resolved": "https://devopsartifactory.corp.lpl.com/artifactory/api/npm/npm/deep-is/-/deep-is-0.1.4.tgz",
      "integrity": "sha1-pvLc5hL63S7x9Rm3NVHxfoUZmDE=",
      "dev": true
    },
    "delayed-stream": {
      "version": "1.0.0",
      "resolved": "https://devopsartifactory.corp.lpl.com/artifactory/api/npm/npm/delayed-stream/-/delayed-stream-1.0.0.tgz",
      "integrity": "sha1-3zrhmayt+31ECqrgsp4icrJOxhk=",
      "dev": true
    },
    "domexception": {
      "version": "4.0.0",
      "resolved": "https://devopsartifactory.corp.lpl.com/artifactory/api/npm/npm/domexception/-/domexception-4.0.0.tgz",
      "integrity": "sha1-StG+VsytyG/HbQMzU5magDfQNnM=",
      "dev": true,
      "requires": {
        "webidl-conversions": "^7.0.0"
      }
    },
    "escodegen": {
      "version": "2.0.0",
      "resolved": "https://devopsartifactory.corp.lpl.com/artifactory/api/npm/npm/escodegen/-/escodegen-2.0.0.tgz",
      "integrity": "sha1-XjKxKDPoqo+jXhvwvvqJOASEx90=",
      "dev": true,
      "requires": {
        "esprima": "^4.0.1",
        "estraverse": "^5.2.0",
        "esutils": "^2.0.2",
        "optionator": "^0.8.1",
        "source-map": "~0.6.1"
      }
    },
    "esprima": {
      "version": "4.0.1",
      "resolved": "https://devopsartifactory.corp.lpl.com/artifactory/api/npm/npm/esprima/-/esprima-4.0.1.tgz",
      "integrity": "sha1-E7BM2z5sXRnfkatph6hpVhmwqnE=",
      "dev": true
    },
    "estraverse": {
      "version": "5.3.0",
      "resolved": "https://devopsartifactory.corp.lpl.com/artifactory/api/npm/npm/estraverse/-/estraverse-5.3.0.tgz",
      "integrity": "sha1-LupSkHAvJquP5TcDcP+GyWXSESM=",
      "dev": true
    },
    "esutils": {
      "version": "2.0.3",
      "resolved": "https://devopsartifactory.corp.lpl.com/artifactory/api/npm/npm/esutils/-/esutils-2.0.3.tgz",
      "integrity": "sha1-dNLrTeC42hKTcRkQ1Qd1ubcQ72Q=",
      "dev": true
    },
    "fast-levenshtein": {
      "version": "2.0.6",
      "resolved": "https://devopsartifactory.corp.lpl.com/artifactory/api/npm/npm/fast-levenshtein/-/fast-levenshtein-2.0.6.tgz",
      "integrity": "sha1-PYpcZog6FqMMqGQ+hR8Zuqd5eRc=",
      "dev": true
    },
    "form-data": {
      "version": "4.0.0",
      "resolved": "https://devopsartifactory.corp.lpl.com/artifactory/api/npm/npm/form-data/-/form-data-4.0.0.tgz",
      "integrity": "sha1-k5Gdrq82HuUpWEubMWZNwSyfpFI=",
      "dev": true,
      "requires": {
        "asynckit": "^0.4.0",
        "combined-stream": "^1.0.8",
        "mime-types": "^2.1.12"
      }
    },
    "html-encoding-sniffer": {
      "version": "3.0.0",
      "resolved": "https://devopsartifactory.corp.lpl.com/artifactory/api/npm/npm/html-encoding-sniffer/-/html-encoding-sniffer-3.0.0.tgz",
      "integrity": "sha1-LLGozw21JBR3blsqegTV3ZgVjek=",
      "dev": true,
      "requires": {
        "whatwg-encoding": "^2.0.0"
      }
    },
    "http-proxy-agent": {
      "version": "5.0.0",
      "resolved": "https://devopsartifactory.corp.lpl.com/artifactory/api/npm/npm/http-proxy-agent/-/http-proxy-agent-5.0.0.tgz",
      "integrity": "sha1-USmAAgNSDUNPFCvHj/PBcIAPK0M=",
      "dev": true,
      "requires": {
        "@tootallnate/once": "2",
        "agent-base": "6",
        "debug": "4"
      }
    },
    "https-proxy-agent": {
      "version": "5.0.0",
      "resolved": "https://devopsartifactory.corp.lpl.com/artifactory/api/npm/npm/https-proxy-agent/-/https-proxy-agent-5.0.0.tgz",
      "integrity": "sha1-4qkFQqu2inYuCghQ9sntrf2FBrI=",
      "dev": true,
      "requires": {
        "agent-base": "6",
        "debug": "4"
      }
    },
    "iconv-lite": {
      "version": "0.6.3",
      "resolved": "https://devopsartifactory.corp.lpl.com/artifactory/api/npm/npm/iconv-lite/-/iconv-lite-0.6.3.tgz",
      "integrity": "sha1-pS+AvzjaGVLrXGgXkHGYcaGnJQE=",
      "dev": true,
      "requires": {
        "safer-buffer": ">= 2.1.2 < 3.0.0"
      }
    },
    "is-potential-custom-element-name": {
      "version": "1.0.1",
      "resolved": "https://devopsartifactory.corp.lpl.com/artifactory/api/npm/npm/is-potential-custom-element-name/-/is-potential-custom-element-name-1.0.1.tgz",
      "integrity": "sha1-Fx7W8Z46xVQ5Tt94yqBXhKRb67U=",
      "dev": true
    },
    "jsdom": {
      "version": "18.0.1",
      "resolved": "https://devopsartifactory.corp.lpl.com/artifactory/api/npm/npm/jsdom/-/jsdom-18.0.1.tgz",
      "integrity": "sha1-cxfJG+Ql8x/yWBStQn7tiioxC2E=",
      "dev": true,
      "requires": {
        "abab": "^2.0.5",
        "acorn": "^8.5.0",
        "acorn-globals": "^6.0.0",
        "cssom": "^0.5.0",
        "cssstyle": "^2.3.0",
        "data-urls": "^3.0.1",
        "decimal.js": "^10.3.1",
        "domexception": "^4.0.0",
        "escodegen": "^2.0.0",
        "form-data": "^4.0.0",
        "html-encoding-sniffer": "^3.0.0",
        "http-proxy-agent": "^5.0.0",
        "https-proxy-agent": "^5.0.0",
        "is-potential-custom-element-name": "^1.0.1",
        "nwsapi": "^2.2.0",
        "parse5": "6.0.1",
        "saxes": "^5.0.1",
        "symbol-tree": "^3.2.4",
        "tough-cookie": "^4.0.0",
        "w3c-hr-time": "^1.0.2",
        "w3c-xmlserializer": "^3.0.0",
        "webidl-conversions": "^7.0.0",
        "whatwg-encoding": "^2.0.0",
        "whatwg-mimetype": "^3.0.0",
        "whatwg-url": "^10.0.0",
        "ws": "^8.2.3",
        "xml-name-validator": "^4.0.0"
      }
    },
    "levn": {
      "version": "0.3.0",
      "resolved": "https://devopsartifactory.corp.lpl.com/artifactory/api/npm/npm/levn/-/levn-0.3.0.tgz",
      "integrity": "sha1-OwmSTt+fCDwEkP3UwLxEIeBHZO4=",
      "dev": true,
      "requires": {
        "prelude-ls": "~1.1.2",
        "type-check": "~0.3.2"
      }
    },
    "mime-db": {
      "version": "1.50.0",
      "resolved": "https://devopsartifactory.corp.lpl.com/artifactory/api/npm/npm/mime-db/-/mime-db-1.50.0.tgz",
      "integrity": "sha1-q9SslOmNPA4YUBbGerRdX95AwR8=",
      "dev": true
    },
    "mime-types": {
      "version": "2.1.33",
      "resolved": "https://devopsartifactory.corp.lpl.com/artifactory/api/npm/npm/mime-types/-/mime-types-2.1.33.tgz",
      "integrity": "sha1-H6EqkERy+v0GjkjZ6EAfdNP3Dts=",
      "dev": true,
      "requires": {
        "mime-db": "1.50.0"
      }
    },
    "ms": {
      "version": "2.1.2",
      "resolved": "https://devopsartifactory.corp.lpl.com/artifactory/api/npm/npm/ms/-/ms-2.1.2.tgz",
      "integrity": "sha1-0J0fNXtEP0kzgqjrPM0YOHKuYAk=",
      "dev": true
    },
    "nwsapi": {
      "version": "2.2.0",
      "resolved": "https://devopsartifactory.corp.lpl.com/artifactory/api/npm/npm/nwsapi/-/nwsapi-2.2.0.tgz",
      "integrity": "sha1-IEh5qePQaP8qVROcLHcngGgaOLc=",
      "dev": true
    },
    "optionator": {
      "version": "0.8.3",
      "resolved": "https://devopsartifactory.corp.lpl.com/artifactory/api/npm/npm/optionator/-/optionator-0.8.3.tgz",
      "integrity": "sha1-hPodA2/p08fiHZmIS2ARZ+yPtJU=",
      "dev": true,
      "requires": {
        "deep-is": "~0.1.3",
        "fast-levenshtein": "~2.0.6",
        "levn": "~0.3.0",
        "prelude-ls": "~1.1.2",
        "type-check": "~0.3.2",
        "word-wrap": "~1.2.3"
      }
    },
    "parse5": {
      "version": "6.0.1",
      "resolved": "https://devopsartifactory.corp.lpl.com/artifactory/api/npm/npm/parse5/-/parse5-6.0.1.tgz",
      "integrity": "sha1-4aHAhcVps9wIMhGE8Zo5zCf3wws=",
      "dev": true
    },
    "prelude-ls": {
      "version": "1.1.2",
      "resolved": "https://devopsartifactory.corp.lpl.com/artifactory/api/npm/npm/prelude-ls/-/prelude-ls-1.1.2.tgz",
      "integrity": "sha1-IZMqVJ9eUv/ZqCf1cOBL5iqX2lQ=",
      "dev": true
    },
    "psl": {
      "version": "1.8.0",
      "resolved": "https://devopsartifactory.corp.lpl.com/artifactory/api/npm/npm/psl/-/psl-1.8.0.tgz",
      "integrity": "sha1-kyb4vPsBOtzABf3/BWrM4CDlHCQ=",
      "dev": true
    },
    "punycode": {
      "version": "2.1.1",
      "resolved": "https://devopsartifactory.corp.lpl.com/artifactory/api/npm/npm/punycode/-/punycode-2.1.1.tgz",
      "integrity": "sha1-tYsBCsQMIsVldhbI0sLALHv0eew=",
      "dev": true
    },
    "safer-buffer": {
      "version": "2.1.2",
      "resolved": "https://devopsartifactory.corp.lpl.com/artifactory/api/npm/npm/safer-buffer/-/safer-buffer-2.1.2.tgz",
      "integrity": "sha1-RPoWGwGHuVSd2Eu5GAL5vYOFzWo=",
      "dev": true
    },
    "saxes": {
      "version": "5.0.1",
      "resolved": "https://devopsartifactory.corp.lpl.com/artifactory/api/npm/npm/saxes/-/saxes-5.0.1.tgz",
      "integrity": "sha1-7rq5U/o7dgjb6U5drbFciI+maW0=",
      "dev": true,
      "requires": {
        "xmlchars": "^2.2.0"
      }
    },
    "source-map": {
      "version": "0.6.1",
      "resolved": "https://devopsartifactory.corp.lpl.com/artifactory/api/npm/npm/source-map/-/source-map-0.6.1.tgz",
      "integrity": "sha1-dHIq8y6WFOnCh6jQu95IteLxomM=",
      "dev": true,
      "optional": true
    },
    "symbol-tree": {
      "version": "3.2.4",
      "resolved": "https://devopsartifactory.corp.lpl.com/artifactory/api/npm/npm/symbol-tree/-/symbol-tree-3.2.4.tgz",
      "integrity": "sha1-QwY30ki6d+B4iDlR+5qg7tfGP6I=",
      "dev": true
    },
    "tough-cookie": {
      "version": "4.0.0",
      "resolved": "https://devopsartifactory.corp.lpl.com/artifactory/api/npm/npm/tough-cookie/-/tough-cookie-4.0.0.tgz",
      "integrity": "sha1-2CIjTuyogvmR8PkIgkrSYi3b7OQ=",
      "dev": true,
      "requires": {
        "psl": "^1.1.33",
        "punycode": "^2.1.1",
        "universalify": "^0.1.2"
      }
    },
    "tr46": {
      "version": "3.0.0",
      "resolved": "https://devopsartifactory.corp.lpl.com/artifactory/api/npm/npm/tr46/-/tr46-3.0.0.tgz",
      "integrity": "sha1-VVxOKXqVBhfo7t3vYzyH1NnWy/k=",
      "dev": true,
      "requires": {
        "punycode": "^2.1.1"
      }
    },
    "type-check": {
      "version": "0.3.2",
      "resolved": "https://devopsartifactory.corp.lpl.com/artifactory/api/npm/npm/type-check/-/type-check-0.3.2.tgz",
      "integrity": "sha1-WITKtRLPHTVeP7eE8wgEsrUg23I=",
      "dev": true,
      "requires": {
        "prelude-ls": "~1.1.2"
      }
    },
    "universalify": {
      "version": "0.1.2",
      "resolved": "https://devopsartifactory.corp.lpl.com/artifactory/api/npm/npm/universalify/-/universalify-0.1.2.tgz",
      "integrity": "sha1-tkb2m+OULavOzJ1mOcgNwQXvqmY=",
      "dev": true
    },
    "w3c-hr-time": {
      "version": "1.0.2",
      "resolved": "https://devopsartifactory.corp.lpl.com/artifactory/api/npm/npm/w3c-hr-time/-/w3c-hr-time-1.0.2.tgz",
      "integrity": "sha1-ConN9cwVgi35w2BUNnaWPgzDCM0=",
      "dev": true,
      "requires": {
        "browser-process-hrtime": "^1.0.0"
      }
    },
    "w3c-xmlserializer": {
      "version": "3.0.0",
      "resolved": "https://devopsartifactory.corp.lpl.com/artifactory/api/npm/npm/w3c-xmlserializer/-/w3c-xmlserializer-3.0.0.tgz",
      "integrity": "sha1-Bs3D7vt+TQsgpWClo66w0tmmWSM=",
      "dev": true,
      "requires": {
        "xml-name-validator": "^4.0.0"
      }
    },
    "webidl-conversions": {
      "version": "7.0.0",
      "resolved": "https://devopsartifactory.corp.lpl.com/artifactory/api/npm/npm/webidl-conversions/-/webidl-conversions-7.0.0.tgz",
      "integrity": "sha1-JWtOGIK+feu/AdBfCqIDl3jqCAo=",
      "dev": true
    },
    "whatwg-encoding": {
      "version": "2.0.0",
      "resolved": "https://devopsartifactory.corp.lpl.com/artifactory/api/npm/npm/whatwg-encoding/-/whatwg-encoding-2.0.0.tgz",
      "integrity": "sha1-52NfWX/YcCCFhiaAWicp+naYrFM=",
      "dev": true,
      "requires": {
        "iconv-lite": "0.6.3"
      }
    },
    "whatwg-mimetype": {
      "version": "3.0.0",
      "resolved": "https://devopsartifactory.corp.lpl.com/artifactory/api/npm/npm/whatwg-mimetype/-/whatwg-mimetype-3.0.0.tgz",
      "integrity": "sha1-X6GnYjhn/xr2yj3HKta4pCCL66c=",
      "dev": true
    },
    "whatwg-url": {
      "version": "10.0.0",
      "resolved": "https://devopsartifactory.corp.lpl.com/artifactory/api/npm/npm/whatwg-url/-/whatwg-url-10.0.0.tgz",
      "integrity": "sha1-NyZPcgtXW0oxG9QJTtjHYMqqBdo=",
      "dev": true,
      "requires": {
        "tr46": "^3.0.0",
        "webidl-conversions": "^7.0.0"
      }
    },
    "word-wrap": {
      "version": "1.2.3",
      "resolved": "https://devopsartifactory.corp.lpl.com/artifactory/api/npm/npm/word-wrap/-/word-wrap-1.2.3.tgz",
      "integrity": "sha1-YQY29rH3A4kb00dxzLF/uTtHB5w=",
      "dev": true
    },
    "ws": {
      "version": "8.2.3",
      "resolved": "https://devopsartifactory.corp.lpl.com/artifactory/api/npm/npm/ws/-/ws-8.2.3.tgz",
      "integrity": "sha1-Y6VkVtsbBDZ9C3IaC4DK5ti+y7o=",
      "dev": true
    },
    "xml-name-validator": {
      "version": "4.0.0",
      "resolved": "https://devopsartifactory.corp.lpl.com/artifactory/api/npm/npm/xml-name-validator/-/xml-name-validator-4.0.0.tgz",
      "integrity": "sha1-eaAG4uYxSahgDxVDDwpHJdFSSDU=",
      "dev": true
    },
    "xmlchars": {
      "version": "2.2.0",
      "resolved": "https://devopsartifactory.corp.lpl.com/artifactory/api/npm/npm/xmlchars/-/xmlchars-2.2.0.tgz",
      "integrity": "sha1-Bg/hvLf5x2/ioX24apvDq4lCEMs=",
      "dev": true
    }
  }
}
